
Microsoft Visual Studio Solution File, Format Version 12.00
# Visual Studio Version 17
VisualStudioVersion = 17.7.34221.43
MinimumVisualStudioVersion = 10.0.40219.1
Project("{FAE04EC0-301F-11D3-BF4B-00C04F79EFBC}") = "Advent of Code", "Advent of Code.csproj", "{A1194C56-D6CB-4683-96CC-B27C449D0F30}"
EndProject
Global
	GlobalSection(SolutionConfigurationPlatforms) = preSolution
		Debug|Any CPU = Debug|Any CPU
		Release|Any CPU = Release|Any CPU
	EndGlobalSection
	GlobalSection(ProjectConfigurationPlatforms) = postSolution
		{A1194C56-D6CB-4683-96CC-B27C449D0F30}.Debug|Any CPU.ActiveCfg = Debug|Any CPU
		{A1194C56-D6CB-4683-96CC-B27C449D0F30}.Debug|Any CPU.Build.0 = Debug|Any CPU
		{A1194C56-D6CB-4683-96CC-B27C449D0F30}.Release|Any CPU.ActiveCfg = Release|Any CPU
		{A1194C56-D6CB-4683-96CC-B27C449D0F30}.Release|Any CPU.Build.0 = Release|Any CPU
	EndGlobalSection
	GlobalSection(SolutionProperties) = preSolution
		HideSolutionNode = FALSE
	EndGlobalSection
	GlobalSection(ExtensibilityGlobals) = postSolution
		SolutionGuid = {5EA03398-F937-4A24-9ADA-6EFC05DF14BE}
	EndGlobalSection
EndGlobal
